
Microsoft Visual Studio Solution File, Format Version 12.00
# Visual Studio Version 16
VisualStudioVersion = 16.0.31729.503
MinimumVisualStudioVersion = 10.0.40219.1
Project("{FAE04EC0-301F-11D3-BF4B-00C04F79EFBC}") = "AprendendoTabulacao", "AprendendoTabulacao.csproj", "{DD6F0E9D-7811-4077-B4D3-2C797D067693}"
EndProject
Global
	GlobalSection(SolutionConfigurationPlatforms) = preSolution
		Debug|Any CPU = Debug|Any CPU
		Release|Any CPU = Release|Any CPU
	EndGlobalSection
	GlobalSection(ProjectConfigurationPlatforms) = postSolution
		{DD6F0E9D-7811-4077-B4D3-2C797D067693}.Debug|Any CPU.ActiveCfg = Debug|Any CPU
		{DD6F0E9D-7811-4077-B4D3-2C797D067693}.Debug|Any CPU.Build.0 = Debug|Any CPU
		{DD6F0E9D-7811-4077-B4D3-2C797D067693}.Release|Any CPU.ActiveCfg = Release|Any CPU
		{DD6F0E9D-7811-4077-B4D3-2C797D067693}.Release|Any CPU.Build.0 = Release|Any CPU
	EndGlobalSection
	GlobalSection(SolutionProperties) = preSolution
		HideSolutionNode = FALSE
	EndGlobalSection
	GlobalSection(ExtensibilityGlobals) = postSolution
		SolutionGuid = {97F5B020-F52B-4A8D-97AB-E6D009E901C6}
	EndGlobalSection
EndGlobal
